
Microsoft Visual Studio Solution File, Format Version 12.00
# Visual Studio 14
VisualStudioVersion = 14.0.22823.1
MinimumVisualStudioVersion = 10.0.40219.1
Project("{2150E333-8FDC-42A3-9474-1A3956D46DE8}") = "src", "src", "{FFA58FCB-0325-4F4B-9DB4-FED2D8299B7D}"
EndProject
Project("{2150E333-8FDC-42A3-9474-1A3956D46DE8}") = "Solution Items", "Solution Items", "{A887339F-081F-4E0F-AAF0-CC5243658FE9}"
	ProjectSection(SolutionItems) = preProject
		global.json = global.json
	EndProjectSection
EndProject
Project("{8BB2217D-0F2D-49D1-97BC-3654ED321F3B}") = "Breeze.ContextProvider", "src\Breeze.ContextProvider\Breeze.ContextProvider.xproj", "{1BC0EA87-FCF8-46B0-A234-5E50D304C011}"
EndProject
Project("{8BB2217D-0F2D-49D1-97BC-3654ED321F3B}") = "DotNetShim", "src\DotNetShim\DotNetShim.xproj", "{FA1E2AE5-A451-4A5E-AA9A-8F108D6678EE}"
EndProject
Global
	GlobalSection(SolutionConfigurationPlatforms) = preSolution
		Debug|Any CPU = Debug|Any CPU
		Release|Any CPU = Release|Any CPU
	EndGlobalSection
	GlobalSection(ProjectConfigurationPlatforms) = postSolution
		{1BC0EA87-FCF8-46B0-A234-5E50D304C011}.Debug|Any CPU.ActiveCfg = Debug|Any CPU
		{1BC0EA87-FCF8-46B0-A234-5E50D304C011}.Debug|Any CPU.Build.0 = Debug|Any CPU
		{1BC0EA87-FCF8-46B0-A234-5E50D304C011}.Release|Any CPU.ActiveCfg = Release|Any CPU
		{1BC0EA87-FCF8-46B0-A234-5E50D304C011}.Release|Any CPU.Build.0 = Release|Any CPU
		{FA1E2AE5-A451-4A5E-AA9A-8F108D6678EE}.Debug|Any CPU.ActiveCfg = Debug|Any CPU
		{FA1E2AE5-A451-4A5E-AA9A-8F108D6678EE}.Debug|Any CPU.Build.0 = Debug|Any CPU
		{FA1E2AE5-A451-4A5E-AA9A-8F108D6678EE}.Release|Any CPU.ActiveCfg = Release|Any CPU
		{FA1E2AE5-A451-4A5E-AA9A-8F108D6678EE}.Release|Any CPU.Build.0 = Release|Any CPU
	EndGlobalSection
	GlobalSection(SolutionProperties) = preSolution
		HideSolutionNode = FALSE
	EndGlobalSection
	GlobalSection(NestedProjects) = preSolution
		{1BC0EA87-FCF8-46B0-A234-5E50D304C011} = {FFA58FCB-0325-4F4B-9DB4-FED2D8299B7D}
		{FA1E2AE5-A451-4A5E-AA9A-8F108D6678EE} = {FFA58FCB-0325-4F4B-9DB4-FED2D8299B7D}
	EndGlobalSection
EndGlobal
